
Microsoft Visual Studio Solution File, Format Version 12.00
# Visual Studio Version 17
VisualStudioVersion = 17.4.33213.308
MinimumVisualStudioVersion = 10.0.40219.1
Project("{FAE04EC0-301F-11D3-BF4B-00C04F79EFBC}") = "TasksSystem", "SistemasTarefas\TasksSystem.csproj", "{B89A7680-24A4-4492-B8D4-4AB60629DB70}"
EndProject
Global
	GlobalSection(SolutionConfigurationPlatforms) = preSolution
		Debug|Any CPU = Debug|Any CPU
		Release|Any CPU = Release|Any CPU
	EndGlobalSection
	GlobalSection(ProjectConfigurationPlatforms) = postSolution
		{B89A7680-24A4-4492-B8D4-4AB60629DB70}.Debug|Any CPU.ActiveCfg = Debug|Any CPU
		{B89A7680-24A4-4492-B8D4-4AB60629DB70}.Debug|Any CPU.Build.0 = Debug|Any CPU
		{B89A7680-24A4-4492-B8D4-4AB60629DB70}.Release|Any CPU.ActiveCfg = Release|Any CPU
		{B89A7680-24A4-4492-B8D4-4AB60629DB70}.Release|Any CPU.Build.0 = Release|Any CPU
	EndGlobalSection
	GlobalSection(SolutionProperties) = preSolution
		HideSolutionNode = FALSE
	EndGlobalSection
	GlobalSection(ExtensibilityGlobals) = postSolution
		SolutionGuid = {314F1DE4-AF76-456E-9228-4460C4E1F1F6}
	EndGlobalSection
EndGlobal
